Microsoft Visual Studio Solution File, Format Version 12.00
# Visual Studio Version 17
VisualStudioVersion = 17.0.32014.148
MinimumVisualStudioVersion = 10.0.40219.1
Project("{9A19103F-16F7-4668-BE54-9A1E7A4F7556}") = "CognitiveSupport", "CognitiveSupport\CognitiveSupport.csproj", "{DAFAB9B5-BFA0-4A16-A447-68BD95FAA544}"
EndProject
Project("{FAE04EC0-301F-11D3-BF4B-00C04F79EFBC}") = "Mutation.Ui", "Mutation.Ui\Mutation.Ui.csproj", "{BAC31A85-C01F-4050-A5B9-A4B8E0AFD0FB}"
EndProject
Project("{FAE04EC0-301F-11D3-BF4B-00C04F79EFBC}") = "Mutation.Tests", "Mutation.Tests\Mutation.Tests.csproj", "{D2DB819B-C3BD-4D43-8EF5-D2D2221D3EF0}"
EndProject
Global
	GlobalSection(SolutionConfigurationPlatforms) = preSolution
		Debug|Any CPU = Debug|Any CPU
		Debug|ARM32 = Debug|ARM32
		Debug|ARM64 = Debug|ARM64
		Debug|x64 = Debug|x64
		Debug|x86 = Debug|x86
		Release|Any CPU = Release|Any CPU
		Release|ARM32 = Release|ARM32
		Release|ARM64 = Release|ARM64
		Release|x64 = Release|x64
		Release|x86 = Release|x86
	EndGlobalSection
	GlobalSection(ProjectConfigurationPlatforms) = postSolution
		{DAFAB9B5-BFA0-4A16-A447-68BD95FAA544}.Debug|Any CPU.ActiveCfg = Debug|x64
		{DAFAB9B5-BFA0-4A16-A447-68BD95FAA544}.Debug|Any CPU.Build.0 = Debug|x64
		{DAFAB9B5-BFA0-4A16-A447-68BD95FAA544}.Debug|ARM32.ActiveCfg = Debug|Any CPU
		{DAFAB9B5-BFA0-4A16-A447-68BD95FAA544}.Debug|ARM32.Build.0 = Debug|Any CPU
		{DAFAB9B5-BFA0-4A16-A447-68BD95FAA544}.Debug|ARM64.ActiveCfg = Debug|Any CPU
		{DAFAB9B5-BFA0-4A16-A447-68BD95FAA544}.Debug|ARM64.Build.0 = Debug|Any CPU
		{DAFAB9B5-BFA0-4A16-A447-68BD95FAA544}.Debug|x64.ActiveCfg = Debug|x64
		{DAFAB9B5-BFA0-4A16-A447-68BD95FAA544}.Debug|x64.Build.0 = Debug|x64
		{DAFAB9B5-BFA0-4A16-A447-68BD95FAA544}.Debug|x86.ActiveCfg = Debug|Any CPU
		{DAFAB9B5-BFA0-4A16-A447-68BD95FAA544}.Debug|x86.Build.0 = Debug|Any CPU
		{DAFAB9B5-BFA0-4A16-A447-68BD95FAA544}.Release|Any CPU.ActiveCfg = Release|Any CPU
		{DAFAB9B5-BFA0-4A16-A447-68BD95FAA544}.Release|Any CPU.Build.0 = Release|Any CPU
		{DAFAB9B5-BFA0-4A16-A447-68BD95FAA544}.Release|ARM32.ActiveCfg = Release|Any CPU
		{DAFAB9B5-BFA0-4A16-A447-68BD95FAA544}.Release|ARM32.Build.0 = Release|Any CPU
		{DAFAB9B5-BFA0-4A16-A447-68BD95FAA544}.Release|ARM64.ActiveCfg = Release|Any CPU
		{DAFAB9B5-BFA0-4A16-A447-68BD95FAA544}.Release|ARM64.Build.0 = Release|Any CPU
		{DAFAB9B5-BFA0-4A16-A447-68BD95FAA544}.Release|x64.ActiveCfg = Release|Any CPU
		{DAFAB9B5-BFA0-4A16-A447-68BD95FAA544}.Release|x64.Build.0 = Release|Any CPU
		{DAFAB9B5-BFA0-4A16-A447-68BD95FAA544}.Release|x86.ActiveCfg = Release|Any CPU
		{DAFAB9B5-BFA0-4A16-A447-68BD95FAA544}.Release|x86.Build.0 = Release|Any CPU
		{BAC31A85-C01F-4050-A5B9-A4B8E0AFD0FB}.Debug|Any CPU.ActiveCfg = Debug|x64
		{BAC31A85-C01F-4050-A5B9-A4B8E0AFD0FB}.Debug|Any CPU.Build.0 = Debug|x64
		{BAC31A85-C01F-4050-A5B9-A4B8E0AFD0FB}.Debug|Any CPU.Deploy.0 = Debug|x64
		{BAC31A85-C01F-4050-A5B9-A4B8E0AFD0FB}.Debug|ARM32.ActiveCfg = Debug|x64
		{BAC31A85-C01F-4050-A5B9-A4B8E0AFD0FB}.Debug|ARM32.Build.0 = Debug|x64
		{BAC31A85-C01F-4050-A5B9-A4B8E0AFD0FB}.Debug|ARM32.Deploy.0 = Debug|x64
		{BAC31A85-C01F-4050-A5B9-A4B8E0AFD0FB}.Debug|ARM64.ActiveCfg = Debug|ARM64
		{BAC31A85-C01F-4050-A5B9-A4B8E0AFD0FB}.Debug|ARM64.Build.0 = Debug|ARM64
		{BAC31A85-C01F-4050-A5B9-A4B8E0AFD0FB}.Debug|ARM64.Deploy.0 = Debug|ARM64
		{BAC31A85-C01F-4050-A5B9-A4B8E0AFD0FB}.Debug|x64.ActiveCfg = Debug|x64
		{BAC31A85-C01F-4050-A5B9-A4B8E0AFD0FB}.Debug|x64.Build.0 = Debug|x64
		{BAC31A85-C01F-4050-A5B9-A4B8E0AFD0FB}.Debug|x86.ActiveCfg = Debug|x86
		{BAC31A85-C01F-4050-A5B9-A4B8E0AFD0FB}.Debug|x86.Build.0 = Debug|x86
		{BAC31A85-C01F-4050-A5B9-A4B8E0AFD0FB}.Debug|x86.Deploy.0 = Debug|x86
		{BAC31A85-C01F-4050-A5B9-A4B8E0AFD0FB}.Release|Any CPU.ActiveCfg = Release|x64
		{BAC31A85-C01F-4050-A5B9-A4B8E0AFD0FB}.Release|Any CPU.Build.0 = Release|x64
		{BAC31A85-C01F-4050-A5B9-A4B8E0AFD0FB}.Release|Any CPU.Deploy.0 = Release|x64
		{BAC31A85-C01F-4050-A5B9-A4B8E0AFD0FB}.Release|ARM32.ActiveCfg = Release|x64
		{BAC31A85-C01F-4050-A5B9-A4B8E0AFD0FB}.Release|ARM32.Build.0 = Release|x64
		{BAC31A85-C01F-4050-A5B9-A4B8E0AFD0FB}.Release|ARM32.Deploy.0 = Release|x64
		{BAC31A85-C01F-4050-A5B9-A4B8E0AFD0FB}.Release|ARM64.ActiveCfg = Release|ARM64
		{BAC31A85-C01F-4050-A5B9-A4B8E0AFD0FB}.Release|ARM64.Build.0 = Release|ARM64
		{BAC31A85-C01F-4050-A5B9-A4B8E0AFD0FB}.Release|ARM64.Deploy.0 = Release|ARM64
		{BAC31A85-C01F-4050-A5B9-A4B8E0AFD0FB}.Release|x64.ActiveCfg = Release|x64
		{BAC31A85-C01F-4050-A5B9-A4B8E0AFD0FB}.Release|x64.Build.0 = Release|x64
		{BAC31A85-C01F-4050-A5B9-A4B8E0AFD0FB}.Release|x64.Deploy.0 = Release|x64
		{BAC31A85-C01F-4050-A5B9-A4B8E0AFD0FB}.Release|x86.ActiveCfg = Release|x86
		{BAC31A85-C01F-4050-A5B9-A4B8E0AFD0FB}.Release|x86.Build.0 = Release|x86
		{BAC31A85-C01F-4050-A5B9-A4B8E0AFD0FB}.Release|x86.Deploy.0 = Release|x86
		{D2DB819B-C3BD-4D43-8EF5-D2D2221D3EF0}.Debug|Any CPU.ActiveCfg = Debug|x64
		{D2DB819B-C3BD-4D43-8EF5-D2D2221D3EF0}.Debug|Any CPU.Build.0 = Debug|x64
		{D2DB819B-C3BD-4D43-8EF5-D2D2221D3EF0}.Debug|ARM32.ActiveCfg = Debug|ARM32
		{D2DB819B-C3BD-4D43-8EF5-D2D2221D3EF0}.Debug|ARM32.Build.0 = Debug|ARM32
		{D2DB819B-C3BD-4D43-8EF5-D2D2221D3EF0}.Debug|ARM64.ActiveCfg = Debug|Any CPU
		{D2DB819B-C3BD-4D43-8EF5-D2D2221D3EF0}.Debug|ARM64.Build.0 = Debug|Any CPU
		{D2DB819B-C3BD-4D43-8EF5-D2D2221D3EF0}.Debug|x64.ActiveCfg = Debug|x64
		{D2DB819B-C3BD-4D43-8EF5-D2D2221D3EF0}.Debug|x64.Build.0 = Debug|x64
		{D2DB819B-C3BD-4D43-8EF5-D2D2221D3EF0}.Debug|x86.ActiveCfg = Debug|Any CPU
		{D2DB819B-C3BD-4D43-8EF5-D2D2221D3EF0}.Debug|x86.Build.0 = Debug|Any CPU
		{D2DB819B-C3BD-4D43-8EF5-D2D2221D3EF0}.Release|Any CPU.ActiveCfg = Release|Any CPU
		{D2DB819B-C3BD-4D43-8EF5-D2D2221D3EF0}.Release|Any CPU.Build.0 = Release|Any CPU
		{D2DB819B-C3BD-4D43-8EF5-D2D2221D3EF0}.Release|ARM32.ActiveCfg = Release|ARM32
		{D2DB819B-C3BD-4D43-8EF5-D2D2221D3EF0}.Release|ARM32.Build.0 = Release|ARM32
		{D2DB819B-C3BD-4D43-8EF5-D2D2221D3EF0}.Release|ARM64.ActiveCfg = Release|Any CPU
		{D2DB819B-C3BD-4D43-8EF5-D2D2221D3EF0}.Release|ARM64.Build.0 = Release|Any CPU
		{D2DB819B-C3BD-4D43-8EF5-D2D2221D3EF0}.Release|x64.ActiveCfg = Release|Any CPU
		{D2DB819B-C3BD-4D43-8EF5-D2D2221D3EF0}.Release|x64.Build.0 = Release|Any CPU
		{D2DB819B-C3BD-4D43-8EF5-D2D2221D3EF0}.Release|x86.ActiveCfg = Release|Any CPU
		{D2DB819B-C3BD-4D43-8EF5-D2D2221D3EF0}.Release|x86.Build.0 = Release|Any CPU
	EndGlobalSection
	GlobalSection(SolutionProperties) = preSolution
		HideSolutionNode = FALSE
	EndGlobalSection
	GlobalSection(ExtensibilityGlobals) = postSolution
		SolutionGuid = {54770AA3-B367-42E6-8940-6598C1C19C79}
	EndGlobalSection
EndGlobal
